
Microsoft Visual Studio Solution File, Format Version 12.00
Project("{FAE04EC0-301F-11D3-BF4B-00C04F79EFBC}") = "MessagingPoc.Aws", "MessagingPoc.Aws\MessagingPoc.Aws.csproj", "{ABF6F9CB-BDA0-4026-BAF3-D100186825E5}"
EndProject
Project("{FAE04EC0-301F-11D3-BF4B-00C04F79EFBC}") = "MessagingPoc.Wolverine", "MessagingPoc.Wolverine\MessagingPoc.Wolverine.csproj", "{D8E04AB2-08CB-4EEE-9AF0-1508D67D97A3}"
EndProject
Project("{FAE04EC0-301F-11D3-BF4B-00C04F79EFBC}") = "MessagingPoc.Rebus", "MessagingPoc.Rebus\MessagingPoc.Rebus.csproj", "{A2605578-A217-48DE-9BD9-CD673947E908}"
EndProject
Global
	GlobalSection(SolutionConfigurationPlatforms) = preSolution
		Debug|Any CPU = Debug|Any CPU
		Debug|x64 = Debug|x64
		Debug|x86 = Debug|x86
		Release|Any CPU = Release|Any CPU
		Release|x64 = Release|x64
		Release|x86 = Release|x86
	EndGlobalSection
	GlobalSection(ProjectConfigurationPlatforms) = postSolution
		{ABF6F9CB-BDA0-4026-BAF3-D100186825E5}.Debug|Any CPU.ActiveCfg = Debug|Any CPU
		{ABF6F9CB-BDA0-4026-BAF3-D100186825E5}.Debug|Any CPU.Build.0 = Debug|Any CPU
		{ABF6F9CB-BDA0-4026-BAF3-D100186825E5}.Debug|x64.ActiveCfg = Debug|Any CPU
		{ABF6F9CB-BDA0-4026-BAF3-D100186825E5}.Debug|x64.Build.0 = Debug|Any CPU
		{ABF6F9CB-BDA0-4026-BAF3-D100186825E5}.Debug|x86.ActiveCfg = Debug|Any CPU
		{ABF6F9CB-BDA0-4026-BAF3-D100186825E5}.Debug|x86.Build.0 = Debug|Any CPU
		{ABF6F9CB-BDA0-4026-BAF3-D100186825E5}.Release|Any CPU.ActiveCfg = Release|Any CPU
		{ABF6F9CB-BDA0-4026-BAF3-D100186825E5}.Release|Any CPU.Build.0 = Release|Any CPU
		{ABF6F9CB-BDA0-4026-BAF3-D100186825E5}.Release|x64.ActiveCfg = Release|Any CPU
		{ABF6F9CB-BDA0-4026-BAF3-D100186825E5}.Release|x64.Build.0 = Release|Any CPU
		{ABF6F9CB-BDA0-4026-BAF3-D100186825E5}.Release|x86.ActiveCfg = Release|Any CPU
		{ABF6F9CB-BDA0-4026-BAF3-D100186825E5}.Release|x86.Build.0 = Release|Any CPU
		{D8E04AB2-08CB-4EEE-9AF0-1508D67D97A3}.Debug|Any CPU.ActiveCfg = Debug|Any CPU
		{D8E04AB2-08CB-4EEE-9AF0-1508D67D97A3}.Debug|Any CPU.Build.0 = Debug|Any CPU
		{D8E04AB2-08CB-4EEE-9AF0-1508D67D97A3}.Debug|x64.ActiveCfg = Debug|Any CPU
		{D8E04AB2-08CB-4EEE-9AF0-1508D67D97A3}.Debug|x64.Build.0 = Debug|Any CPU
		{D8E04AB2-08CB-4EEE-9AF0-1508D67D97A3}.Debug|x86.ActiveCfg = Debug|Any CPU
		{D8E04AB2-08CB-4EEE-9AF0-1508D67D97A3}.Debug|x86.Build.0 = Debug|Any CPU
		{D8E04AB2-08CB-4EEE-9AF0-1508D67D97A3}.Release|Any CPU.ActiveCfg = Release|Any CPU
		{D8E04AB2-08CB-4EEE-9AF0-1508D67D97A3}.Release|Any CPU.Build.0 = Release|Any CPU
		{D8E04AB2-08CB-4EEE-9AF0-1508D67D97A3}.Release|x64.ActiveCfg = Release|Any CPU
		{D8E04AB2-08CB-4EEE-9AF0-1508D67D97A3}.Release|x64.Build.0 = Release|Any CPU
		{D8E04AB2-08CB-4EEE-9AF0-1508D67D97A3}.Release|x86.ActiveCfg = Release|Any CPU
		{D8E04AB2-08CB-4EEE-9AF0-1508D67D97A3}.Release|x86.Build.0 = Release|Any CPU
		{A2605578-A217-48DE-9BD9-CD673947E908}.Debug|Any CPU.ActiveCfg = Debug|Any CPU
		{A2605578-A217-48DE-9BD9-CD673947E908}.Debug|Any CPU.Build.0 = Debug|Any CPU
		{A2605578-A217-48DE-9BD9-CD673947E908}.Debug|x64.ActiveCfg = Debug|Any CPU
		{A2605578-A217-48DE-9BD9-CD673947E908}.Debug|x64.Build.0 = Debug|Any CPU
		{A2605578-A217-48DE-9BD9-CD673947E908}.Debug|x86.ActiveCfg = Debug|Any CPU
		{A2605578-A217-48DE-9BD9-CD673947E908}.Debug|x86.Build.0 = Debug|Any CPU
		{A2605578-A217-48DE-9BD9-CD673947E908}.Release|Any CPU.ActiveCfg = Release|Any CPU
		{A2605578-A217-48DE-9BD9-CD673947E908}.Release|Any CPU.Build.0 = Release|Any CPU
		{A2605578-A217-48DE-9BD9-CD673947E908}.Release|x64.ActiveCfg = Release|Any CPU
		{A2605578-A217-48DE-9BD9-CD673947E908}.Release|x64.Build.0 = Release|Any CPU
		{A2605578-A217-48DE-9BD9-CD673947E908}.Release|x86.ActiveCfg = Release|Any CPU
		{A2605578-A217-48DE-9BD9-CD673947E908}.Release|x86.Build.0 = Release|Any CPU
	EndGlobalSection
	GlobalSection(SolutionProperties) = preSolution
		HideSolutionNode = FALSE
	EndGlobalSection
EndGlobal
